{
  "nodes": {
    "advisory-db": {
      "flake": false,
      "locked": {
        "lastModified": 1701193254,
        "narHash": "sha256-Hr7efA3GjwqBkGYKmd3XmGckdPQikbcCmOrq7fmTp3A=",
        "owner": "rustsec",
        "repo": "advisory-db",
        "rev": "43af5fef0591531a72ebb86c5f1c623ee95c62fe",
        "type": "github"
      },
      "original": {
        "owner": "rustsec",
        "repo": "advisory-db",
        "type": "github"
      }
    },
    "crane": {
      "inputs": {
        "nixpkgs": [
          "radicle",
          "nixpkgs"
        ]
      },
      "locked": {
        "lastModified": 1701622587,
        "narHash": "sha256-o3XhxCCyrUHZ0tlta2W7/MuXzy+n0+BUt3rKFK3DIK4=",
        "owner": "ipetkov",
        "repo": "crane",
        "rev": "c09d2cbe84cc2adfe1943cb2a0b55a71c835ca9a",
        "type": "github"
      },
      "original": {
        "owner": "ipetkov",
        "repo": "crane",
        "type": "github"
      }
    },
    "fenix": {
      "inputs": {
        "nixpkgs": [
          "radicle",
          "nixpkgs"
        ],
        "rust-analyzer-src": [
          "radicle"
        ]
      },
      "locked": {
        "lastModified": 1701843772,
        "narHash": "sha256-XeYCcrAJ13EyecGIePYX1XvAuvRXF+pYgEsbkjnhFf8=",
        "owner": "nix-community",
        "repo": "fenix",
        "rev": "44f233376ed8b5909863ccbb352601aec25f980b",
        "type": "github"
      },
      "original": {
        "owner": "nix-community",
        "repo": "fenix",
        "type": "github"
      }
    },
    "flake-utils": {
      "inputs": {
        "systems": "systems"
      },
      "locked": {
        "lastModified": 1701680307,
        "narHash": "sha256-kAuep2h5ajznlPMD9rnQyffWG8EM/C73lejGofXvdM8=",
        "owner": "numtide",
        "repo": "flake-utils",
        "rev": "4022d587cbbfd70fe950c1e2083a02621806a725",
        "type": "github"
      },
      "original": {
        "owner": "numtide",
        "repo": "flake-utils",
        "type": "github"
      }
    },
    "home-manager": {
      "inputs": {
        "nixpkgs": [
          "nixpkgs"
        ]
      },
      "locked": {
        "lastModified": 1700814205,
        "narHash": "sha256-lWqDPKHRbQfi+zNIivf031BUeyciVOtwCwTjyrhDB5g=",
        "owner": "nix-community",
        "repo": "home-manager",
        "rev": "aeb2232d7a32530d3448318790534d196bf9427a",
        "type": "github"
      },
      "original": {
        "owner": "nix-community",
        "ref": "release-23.11",
        "repo": "home-manager",
        "type": "github"
      }
    },
    "nixpkgs": {
      "locked": {
        "lastModified": 1701676673,
        "narHash": "sha256-Dkn7uJ3hvTDuFkdoCjCZIAkOUqr1+LK9QC1fMgbOnlY=",
        "owner": "NixOS",
        "repo": "nixpkgs",
        "rev": "7823e1f33ae67656f759beca4d37f841a9d82120",
        "type": "github"
      },
      "original": {
        "owner": "NixOS",
        "ref": "release-23.11",
        "repo": "nixpkgs",
        "type": "github"
      }
    },
    "nixpkgs_2": {
      "locked": {
        "lastModified": 1701851780,
        "narHash": "sha256-BJs3x9LwBQMEAv14aBLM4EkKublp00Y7kTrt6aQ/Bko=",
        "owner": "NixOS",
        "repo": "nixpkgs",
        "rev": "544b36d1b4815fd5f187ed00ff7a59fd0323317c",
        "type": "github"
      },
      "original": {
        "owner": "NixOS",
        "ref": "release-23.11",
        "repo": "nixpkgs",
        "type": "github"
      }
    },
    "nur": {
      "locked": {
        "lastModified": 1701722684,
        "narHash": "sha256-ukCjTx8rB8Tp7mHZYy53L74MO7wnfbwl0/XZfrMzHqc=",
        "owner": "nix-community",
        "repo": "NUR",
        "rev": "4e18c6e346dc11ea5209660486ff888ae216e870",
        "type": "github"
      },
      "original": {
        "owner": "nix-community",
        "repo": "NUR",
        "type": "github"
      }
    },
    "radicle": {
      "inputs": {
        "advisory-db": "advisory-db",
        "crane": "crane",
        "fenix": "fenix",
        "flake-utils": "flake-utils",
        "nixpkgs": "nixpkgs_2"
      },
      "locked": {
        "lastModified": 1708953793,
        "narHash": "sha256-DGgH8+ibr1WspyUeKeHaW87VzYHf9jzzjyFlOeT6ZoA=",
        "ref": "refs/heads/master",
        "rev": "a48081f2717f069d456ec09f31d9e639b232dbed",
        "revCount": 1712,
        "type": "git",
        "url": "https://seed.radicle.xyz/z3gqcJUoA1n9HaHKufZs5FCSGazv5.git"
      },
      "original": {
        "rev": "a48081f2717f069d456ec09f31d9e639b232dbed",
        "type": "git",
        "url": "https://seed.radicle.xyz/z3gqcJUoA1n9HaHKufZs5FCSGazv5.git"
      }
    },
    "root": {
      "inputs": {
        "home-manager": "home-manager",
        "nixpkgs": "nixpkgs",
        "nur": "nur",
        "radicle": "radicle"
      }
    },
    "systems": {
      "locked": {
        "lastModified": 1681028828,
        "narHash": "sha256-Vy1rq5AaRuLzOxct8nz4T6wlgyUR7zLU309k9mBC768=",
        "owner": "nix-systems",
        "repo": "default",
        "rev": "da67096a3b9bf56a91d16901293e51ba5b49a27e",
        "type": "github"
      },
      "original": {
        "owner": "nix-systems",
        "repo": "default",
        "type": "github"
      }
    }
  },
  "root": "root",
  "version": 7
}
